
Microsoft Visual Studio Solution File, Format Version 12.00
# Visual Studio Version 16
VisualStudioVersion = 16.0.31105.61
MinimumVisualStudioVersion = 10.0.40219.1
Project("{FAE04EC0-301F-11D3-BF4B-00C04F79EFBC}") = "SquareRoot", "SquareRoot\SquareRoot.csproj", "{5C89775A-71E1-4D7E-A0D3-D8884007AE8E}"
EndProject
Global
	GlobalSection(SolutionConfigurationPlatforms) = preSolution
		Debug|Any CPU = Debug|Any CPU
		Release|Any CPU = Release|Any CPU
	EndGlobalSection
	GlobalSection(ProjectConfigurationPlatforms) = postSolution
		{5C89775A-71E1-4D7E-A0D3-D8884007AE8E}.Debug|Any CPU.ActiveCfg = Debug|Any CPU
		{5C89775A-71E1-4D7E-A0D3-D8884007AE8E}.Debug|Any CPU.Build.0 = Debug|Any CPU
		{5C89775A-71E1-4D7E-A0D3-D8884007AE8E}.Release|Any CPU.ActiveCfg = Release|Any CPU
		{5C89775A-71E1-4D7E-A0D3-D8884007AE8E}.Release|Any CPU.Build.0 = Release|Any CPU
	EndGlobalSection
	GlobalSection(SolutionProperties) = preSolution
		HideSolutionNode = FALSE
	EndGlobalSection
	GlobalSection(ExtensibilityGlobals) = postSolution
		SolutionGuid = {69517477-6E0F-4A2A-A727-4A2440324DE7}
	EndGlobalSection
EndGlobal
